// !$*UTF8*$!
{
	archiveVersion = 1;
	classes = {
	};
	objectVersion = 77;
	objects = {

/* Begin PBXBuildFile section */
		9CB1ECF02D85A5560073F425 /* XCTest.framework in Frameworks */ = {isa = PBXBuildFile; fileRef = 9CB1ECEF2D85A5550073F425 /* XCTest.framework */; };
/* End PBXBuildFile section */

/* Begin PBXContainerItemProxy section */
		9CB1D9242D8542C30073F425 /* PBXContainerItemProxy */ = {
			isa = PBXContainerItemProxy;
			containerPortal = 9CB1D9092D8542C10073F425 /* Project object */;
			proxyType = 1;
			remoteGlobalIDString = 9CB1D9102D8542C10073F425;
			remoteInfo = "Bee Tate AI Assistant";
		};
		9CB1D92E2D8542C30073F425 /* PBXContainerItemProxy */ = {
			isa = PBXContainerItemProxy;
			containerPortal = 9CB1D9092D8542C10073F425 /* Project object */;
			proxyType = 1;
			remoteGlobalIDString = 9CB1D9102D8542C10073F425;
			remoteInfo = "Bee Tate AI Assistant";
		};
/* End PBXContainerItemProxy section */

/* Begin PBXFileReference section */
		9CB1D9112D8542C10073F425 /* Bee Tate AI Assistant.app */ = {isa = PBXFileReference; explicitFileType = wrapper.application; includeInIndex = 0; path = "Bee Tate AI Assistant.app"; sourceTree = BUILT_PRODUCTS_DIR; };
		9CB1D9232D8542C30073F425 /* Bee Tate AI AssistantTests.xctest */ = {isa = PBXFileReference; explicitFileType = wrapper.cfbundle; includeInIndex = 0; path = "Bee Tate AI AssistantTests.xctest"; sourceTree = BUILT_PRODUCTS_DIR; };
		9CB1D92D2D8542C30073F425 /* Bee Tate AI AssistantUITests.xctest */ = {isa = PBXFileReference; explicitFileType = wrapper.cfbundle; includeInIndex = 0; path = "Bee Tate AI AssistantUITests.xctest"; sourceTree = BUILT_PRODUCTS_DIR; };
		9CB1D9402D8542D40073F425 /* ExcludeCMakeLists.xcconfig */ = {isa = PBXFileReference; lastKnownFileType = text.xcconfig; path = ExcludeCMakeLists.xcconfig; sourceTree = "<group>"; };
		9CB1ECEF2D85A5550073F425 /* XCTest.framework */ = {isa = PBXFileReference; lastKnownFileType = wrapper.framework; name = XCTest.framework; path = Platforms/iPhoneOS.platform/Developer/Library/Frameworks/XCTest.framework; sourceTree = DEVELOPER_DIR; };
/* End PBXFileReference section */

/* Begin PBXFileSystemSynchronizedRootGroup section */
		9CB1D9132D8542C10073F425 /* Bee Tate AI Assistant */ = {
			isa = PBXFileSystemSynchronizedRootGroup;
			path = "Bee Tate AI Assistant";
			sourceTree = "<group>";
		};
		9CB1D9262D8542C30073F425 /* Bee Tate AI AssistantTests */ = {
			isa = PBXFileSystemSynchronizedRootGroup;
			path = "Bee Tate AI AssistantTests";
			sourceTree = "<group>";
		};
		9CB1D9302D8542C30073F425 /* Bee Tate AI AssistantUITests */ = {
			isa = PBXFileSystemSynchronizedRootGroup;
			path = "Bee Tate AI AssistantUITests";
			sourceTree = "<group>";
		};
/* End PBXFileSystemSynchronizedRootGroup section */

/* Begin PBXFrameworksBuildPhase section */
		9CB1D90E2D8542C10073F425 /* Frameworks */ = {
			isa = PBXFrameworksBuildPhase;
			buildActionMask = 2147483647;
			files = (
				9CB1ECF02D85A5560073F425 /* XCTest.framework in Frameworks */,
			);
			runOnlyForDeploymentPostprocessing = 0;
		};
		9CB1D9202D8542C30073F425 /* Frameworks */ = {
			isa = PBXFrameworksBuildPhase;
			buildActionMask = 2147483647;
			files = (
			);
			runOnlyForDeploymentPostprocessing = 0;
		};
		9CB1D92A2D8542C30073F425 /* Frameworks */ = {
			isa = PBXFrameworksBuildPhase;
			buildActionMask = 2147483647;
			files = (
			);
			runOnlyForDeploymentPostprocessing = 0;
		};
/* End PBXFrameworksBuildPhase section */

/* Begin PBXGroup section */
		9CB1D9082D8542C10073F425 = {
			isa = PBXGroup;
			children = (
				9CB1D9132D8542C10073F425 /* Bee Tate AI Assistant */,
				9CB1D9262D8542C30073F425 /* Bee Tate AI AssistantTests */,
				9CB1D9302D8542C30073F425 /* Bee Tate AI AssistantUITests */,
				9CB1D9122D8542C10073F425 /* Products */,
				9CB1E5602D85870D0073F425 /* Recovered References */,
				9CB1ECEE2D85A5550073F425 /* Frameworks */,
			);
			sourceTree = "<group>";
		};
		9CB1D9122D8542C10073F425 /* Products */ = {
			isa = PBXGroup;
			children = (
				9CB1D9112D8542C10073F425 /* Bee Tate AI Assistant.app */,
				9CB1D9232D8542C30073F425 /* Bee Tate AI AssistantTests.xctest */,
				9CB1D92D2D8542C30073F425 /* Bee Tate AI AssistantUITests.xctest */,
			);
			name = Products;
			sourceTree = "<group>";
		};
		9CB1E5602D85870D0073F425 /* Recovered References */ = {
			isa = PBXGroup;
			children = (
				9CB1D9402D8542D40073F425 /* ExcludeCMakeLists.xcconfig */,
			);
			name = "Recovered References";
			sourceTree = "<group>";
		};
		9CB1ECEE2D85A5550073F425 /* Frameworks */ = {
			isa = PBXGroup;
			children = (
				9CB1ECEF2D85A5550073F425 /* XCTest.framework */,
			);
			name = Frameworks;
			sourceTree = "<group>";
		};
/* End PBXGroup section */

/* Begin PBXNativeTarget section */
		9CB1D9102D8542C10073F425 /* Bee Tate AI Assistant */ = {
			isa = PBXNativeTarget;
			buildConfigurationList = 9CB1D9372D8542C30073F425 /* Build configuration list for PBXNativeTarget "Bee Tate AI Assistant" */;
			buildPhases = (
				9CB1D90D2D8542C10073F425 /* Sources */,
				9CB1D90E2D8542C10073F425 /* Frameworks */,
				9CB1D90F2D8542C10073F425 /* Resources */,
			);
			buildRules = (
			);
			dependencies = (
			);
			fileSystemSynchronizedGroups = (
				9CB1D9132D8542C10073F425 /* Bee Tate AI Assistant */,
			);
			name = "Bee Tate AI Assistant";
			packageProductDependencies = (
			);
			productName = "Bee Tate AI Assistant";
			productReference = 9CB1D9112D8542C10073F425 /* Bee Tate AI Assistant.app */;
			productType = "com.apple.product-type.application";
		};
		9CB1D9222D8542C30073F425 /* Bee Tate AI AssistantTests */ = {
			isa = PBXNativeTarget;
			buildConfigurationList = 9CB1D93A2D8542C30073F425 /* Build configuration list for PBXNativeTarget "Bee Tate AI AssistantTests" */;
			buildPhases = (
				9CB1D91F2D8542C30073F425 /* Sources */,
				9CB1D9202D8542C30073F425 /* Frameworks */,
				9CB1D9212D8542C30073F425 /* Resources */,
			);
			buildRules = (
			);
			dependencies = (
				9CB1D9252D8542C30073F425 /* PBXTargetDependency */,
			);
			fileSystemSynchronizedGroups = (
				9CB1D9262D8542C30073F425 /* Bee Tate AI AssistantTests */,
			);
			name = "Bee Tate AI AssistantTests";
			packageProductDependencies = (
			);
			productName = "Bee Tate AI AssistantTests";
			productReference = 9CB1D9232D8542C30073F425 /* Bee Tate AI AssistantTests.xctest */;
			productType = "com.apple.product-type.bundle.unit-test";
		};
		9CB1D92C2D8542C30073F425 /* Bee Tate AI AssistantUITests */ = {
			isa = PBXNativeTarget;
			buildConfigurationList = 9CB1D93D2D8542C30073F425 /* Build configuration list for PBXNativeTarget "Bee Tate AI AssistantUITests" */;
			buildPhases = (
				9CB1D9292D8542C30073F425 /* Sources */,
				9CB1D92A2D8542C30073F425 /* Frameworks */,
				9CB1D92B2D8542C30073F425 /* Resources */,
			);
			buildRules = (
			);
			dependencies = (
				9CB1D92F2D8542C30073F425 /* PBXTargetDependency */,
			);
			fileSystemSynchronizedGroups = (
				9CB1D9302D8542C30073F425 /* Bee Tate AI AssistantUITests */,
			);
			name = "Bee Tate AI AssistantUITests";
			packageProductDependencies = (
			);
			productName = "Bee Tate AI AssistantUITests";
			productReference = 9CB1D92D2D8542C30073F425 /* Bee Tate AI AssistantUITests.xctest */;
			productType = "com.apple.product-type.bundle.ui-testing";
		};
/* End PBXNativeTarget section */

/* Begin PBXProject section */
		9CB1D9092D8542C10073F425 /* Project object */ = {
			isa = PBXProject;
			attributes = {
				BuildIndependentTargetsInParallel = 1;
				LastSwiftUpdateCheck = 1620;
				LastUpgradeCheck = 1620;
				TargetAttributes = {
					9CB1D9102D8542C10073F425 = {
						CreatedOnToolsVersion = 16.2;
					};
					9CB1D9222D8542C30073F425 = {
						CreatedOnToolsVersion = 16.2;
						TestTargetID = 9CB1D9102D8542C10073F425;
					};
					9CB1D92C2D8542C30073F425 = {
						CreatedOnToolsVersion = 16.2;
						TestTargetID = 9CB1D9102D8542C10073F425;
					};
				};
			};
			buildConfigurationList = 9CB1D90C2D8542C10073F425 /* Build configuration list for PBXProject "Bee Tate AI Assistant" */;
			developmentRegion = en;
			hasScannedForEncodings = 0;
			knownRegions = (
				en,
				Base,
			);
			mainGroup = 9CB1D9082D8542C10073F425;
			minimizedProjectReferenceProxies = 1;
			preferredProjectObjectVersion = 77;
			productRefGroup = 9CB1D9122D8542C10073F425 /* Products */;
			projectDirPath = "";
			projectRoot = "";
			targets = (
				9CB1D9102D8542C10073F425 /* Bee Tate AI Assistant */,
				9CB1D9222D8542C30073F425 /* Bee Tate AI AssistantTests */,
				9CB1D92C2D8542C30073F425 /* Bee Tate AI AssistantUITests */,
			);
		};
/* End PBXProject section */

/* Begin PBXResourcesBuildPhase section */
		9CB1D90F2D8542C10073F425 /* Resources */ = {
			isa = PBXResourcesBuildPhase;
			buildActionMask = 2147483647;
			files = (
			);
			runOnlyForDeploymentPostprocessing = 0;
		};
		9CB1D9212D8542C30073F425 /* Resources */ = {
			isa = PBXResourcesBuildPhase;
			buildActionMask = 2147483647;
			files = (
			);
			runOnlyForDeploymentPostprocessing = 0;
		};
		9CB1D92B2D8542C30073F425 /* Resources */ = {
			isa = PBXResourcesBuildPhase;
			buildActionMask = 2147483647;
			files = (
			);
			runOnlyForDeploymentPostprocessing = 0;
		};
/* End PBXResourcesBuildPhase section */

/* Begin PBXSourcesBuildPhase section */
		9CB1D90D2D8542C10073F425 /* Sources */ = {
			isa = PBXSourcesBuildPhase;
			buildActionMask = 2147483647;
			files = (
			);
			runOnlyForDeploymentPostprocessing = 0;
		};
		9CB1D91F2D8542C30073F425 /* Sources */ = {
			isa = PBXSourcesBuildPhase;
			buildActionMask = 2147483647;
			files = (
			);
			runOnlyForDeploymentPostprocessing = 0;
		};
		9CB1D9292D8542C30073F425 /* Sources */ = {
			isa = PBXSourcesBuildPhase;
			buildActionMask = 2147483647;
			files = (
			);
			runOnlyForDeploymentPostprocessing = 0;
		};
/* End PBXSourcesBuildPhase section */

/* Begin PBXTargetDependency section */
		9CB1D9252D8542C30073F425 /* PBXTargetDependency */ = {
			isa = PBXTargetDependency;
			target = 9CB1D9102D8542C10073F425 /* Bee Tate AI Assistant */;
			targetProxy = 9CB1D9242D8542C30073F425 /* PBXContainerItemProxy */;
		};
		9CB1D92F2D8542C30073F425 /* PBXTargetDependency */ = {
			isa = PBXTargetDependency;
			target = 9CB1D9102D8542C10073F425 /* Bee Tate AI Assistant */;
			targetProxy = 9CB1D92E2D8542C30073F425 /* PBXContainerItemProxy */;
		};
/* End PBXTargetDependency section */

/* Begin XCBuildConfiguration section */
		9CB1D9352D8542C30073F425 /* Debug */ = {
			isa = XCBuildConfiguration;
			buildSettings = {
				ALWAYS_SEARCH_USER_PATHS = NO;
				ASSETCATALOG_COMPILER_GENERATE_SWIFT_ASSET_SYMBOL_EXTENSIONS = YES;
				CLANG_ANALYZER_NONNULL = YES;
				CLANG_ANALYZER_NUMBER_OBJECT_CONVERSION = YES_AGGRESSIVE;
				CLANG_CXX_LANGUAGE_STANDARD = "gnu++20";
				CLANG_ENABLE_MODULES = YES;
				CLANG_ENABLE_OBJC_ARC = YES;
				CLANG_ENABLE_OBJC_WEAK = YES;
				CLANG_WARN_BLOCK_CAPTURE_AUTORELEASING = YES;
				CLANG_WARN_BOOL_CONVERSION = YES;
				CLANG_WARN_COMMA = YES;
				CLANG_WARN_CONSTANT_CONVERSION = YES;
				CLANG_WARN_DEPRECATED_OBJC_IMPLEMENTATIONS = YES;
				CLANG_WARN_DIRECT_OBJC_ISA_USAGE = YES_ERROR;
				CLANG_WARN_DOCUMENTATION_COMMENTS = YES;
				CLANG_WARN_EMPTY_BODY = YES;
				CLANG_WARN_ENUM_CONVERSION = YES;
				CLANG_WARN_INFINITE_RECURSION = YES;
				CLANG_WARN_INT_CONVERSION = YES;
				CLANG_WARN_NON_LITERAL_NULL_CONVERSION = YES;
				CLANG_WARN_OBJC_IMPLICIT_RETAIN_SELF = YES;
				CLANG_WARN_OBJC_LITERAL_CONVERSION = YES;
				CLANG_WARN_OBJC_ROOT_CLASS = YES_ERROR;
				CLANG_WARN_QUOTED_INCLUDE_IN_FRAMEWORK_HEADER = YES;
				CLANG_WARN_RANGE_LOOP_ANALYSIS = YES;
				CLANG_WARN_STRICT_PROTOTYPES = YES;
				CLANG_WARN_SUSPICIOUS_MOVE = YES;
				CLANG_WARN_UNGUARDED_AVAILABILITY = YES_AGGRESSIVE;
				CLANG_WARN_UNREACHABLE_CODE = YES;
				CLANG_WARN__DUPLICATE_METHOD_MATCH = YES;
				COPY_PHASE_STRIP = NO;
				DEBUG_INFORMATION_FORMAT = dwarf;
				ENABLE_STRICT_OBJC_MSGSEND = YES;
				ENABLE_TESTABILITY = YES;
				ENABLE_USER_SCRIPT_SANDBOXING = YES;
				GCC_C_LANGUAGE_STANDARD = gnu17;
				GCC_DYNAMIC_NO_PIC = NO;
				GCC_NO_COMMON_BLOCKS = YES;
				GCC_OPTIMIZATION_LEVEL = 0;
				GCC_PREPROCESSOR_DEFINITIONS = (
					"DEBUG=1",
					"$(inherited)",
				);
				GCC_WARN_64_TO_32_BIT_CONVERSION = YES;
				GCC_WARN_ABOUT_RETURN_TYPE = YES_ERROR;
				GCC_WARN_UNDECLARED_SELECTOR = YES;
				GCC_WARN_UNINITIALIZED_AUTOS = YES_AGGRESSIVE;
				GCC_WARN_UNUSED_FUNCTION = YES;
				GCC_WARN_UNUSED_VARIABLE = YES;
				IPHONEOS_DEPLOYMENT_TARGET = 18.2;
				LOCALIZATION_PREFERS_STRING_CATALOGS = YES;
				MTL_ENABLE_DEBUG_INFO = INCLUDE_SOURCE;
				MTL_FAST_MATH = YES;
				ONLY_ACTIVE_ARCH = YES;
				SDKROOT = iphoneos;
				SWIFT_ACTIVE_COMPILATION_CONDITIONS = "DEBUG $(inherited)";
				SWIFT_OPTIMIZATION_LEVEL = "-Onone";
			};
			name = Debug;
		};
		9CB1D9362D8542C30073F425 /* Release */ = {
			isa = XCBuildConfiguration;
			buildSettings = {
				ALWAYS_SEARCH_USER_PATHS = NO;
				ASSETCATALOG_COMPILER_GENERATE_SWIFT_ASSET_SYMBOL_EXTENSIONS = YES;
				CLANG_ANALYZER_NONNULL = YES;
				CLANG_ANALYZER_NUMBER_OBJECT_CONVERSION = YES_AGGRESSIVE;
				CLANG_CXX_LANGUAGE_STANDARD = "gnu++20";
				CLANG_ENABLE_MODULES = YES;
				CLANG_ENABLE_OBJC_ARC = YES;
				CLANG_ENABLE_OBJC_WEAK = YES;
				CLANG_WARN_BLOCK_CAPTURE_AUTORELEASING = YES;
				CLANG_WARN_BOOL_CONVERSION = YES;
				CLANG_WARN_COMMA = YES;
				CLANG_WARN_CONSTANT_CONVERSION = YES;
				CLANG_WARN_DEPRECATED_OBJC_IMPLEMENTATIONS = YES;
				CLANG_WARN_DIRECT_OBJC_ISA_USAGE = YES_ERROR;
				CLANG_WARN_DOCUMENTATION_COMMENTS = YES;
				CLANG_WARN_EMPTY_BODY = YES;
				CLANG_WARN_ENUM_CONVERSION = YES;
				CLANG_WARN_INFINITE_RECURSION = YES;
				CLANG_WARN_INT_CONVERSION = YES;
				CLANG_WARN_NON_LITERAL_NULL_CONVERSION = YES;
				CLANG_WARN_OBJC_IMPLICIT_RETAIN_SELF = YES;
				CLANG_WARN_OBJC_LITERAL_CONVERSION = YES;
				CLANG_WARN_OBJC_ROOT_CLASS = YES_ERROR;
				CLANG_WARN_QUOTED_INCLUDE_IN_FRAMEWORK_HEADER = YES;
				CLANG_WARN_RANGE_LOOP_ANALYSIS = YES;
				CLANG_WARN_STRICT_PROTOTYPES = YES;
				CLANG_WARN_SUSPICIOUS_MOVE = YES;
				CLANG_WARN_UNGUARDED_AVAILABILITY = YES_AGGRESSIVE;
				CLANG_WARN_UNREACHABLE_CODE = YES;
				CLANG_WARN__DUPLICATE_METHOD_MATCH = YES;
				COPY_PHASE_STRIP = NO;
				DEBUG_INFORMATION_FORMAT = "dwarf-with-dsym";
				ENABLE_NS_ASSERTIONS = NO;
				ENABLE_STRICT_OBJC_MSGSEND = YES;
				ENABLE_USER_SCRIPT_SANDBOXING = YES;
				GCC_C_LANGUAGE_STANDARD = gnu17;
				GCC_NO_COMMON_BLOCKS = YES;
				GCC_WARN_64_TO_32_BIT_CONVERSION = YES;
				GCC_WARN_ABOUT_RETURN_TYPE = YES_ERROR;
				GCC_WARN_UNDECLARED_SELECTOR = YES;
				GCC_WARN_UNINITIALIZED_AUTOS = YES_AGGRESSIVE;
				GCC_WARN_UNUSED_FUNCTION = YES;
				GCC_WARN_UNUSED_VARIABLE = YES;
				IPHONEOS_DEPLOYMENT_TARGET = 18.2;
				LOCALIZATION_PREFERS_STRING_CATALOGS = YES;
				MTL_ENABLE_DEBUG_INFO = NO;
				MTL_FAST_MATH = YES;
				SDKROOT = iphoneos;
				SWIFT_COMPILATION_MODE = wholemodule;
				VALIDATE_PRODUCT = YES;
			};
			name = Release;
		};
		9CB1D9382D8542C30073F425 /* Debug */ = {
			isa = XCBuildConfiguration;
			baseConfigurationReference = 9CB1D9402D8542D40073F425 /* ExcludeCMakeLists.xcconfig */;
			buildSettings = {
				ASSETCATALOG_COMPILER_APPICON_NAME = AppIcon;
				ASSETCATALOG_COMPILER_GLOBAL_ACCENT_COLOR_NAME = AccentColor;
				CODE_SIGN_STYLE = Automatic;
				CURRENT_PROJECT_VERSION = 1;
				DEVELOPMENT_ASSET_PATHS = "\"Bee Tate AI Assistant/Preview Content\"";
				DEVELOPMENT_TEAM = 7QPP9NXGUQ;
				ENABLE_PREVIEWS = YES;
				GENERATE_INFOPLIST_FILE = YES;
				INFOPLIST_KEY_UIApplicationSceneManifest_Generation = YES;
				INFOPLIST_KEY_UIApplicationSupportsIndirectInputEvents = YES;
				INFOPLIST_KEY_UILaunchScreen_Generation = YES;
				INFOPLIST_KEY_UISupportedInterfaceOrientations_iPad = "UIInterfaceOrientationPortrait UIInterfaceOrientationPortraitUpsideDown UIInterfaceOrientationLandscapeLeft UIInterfaceOrientationLandscapeRight";
				INFOPLIST_KEY_UISupportedInterfaceOrientations_iPhone = "UIInterfaceOrientationPortrait UIInterfaceOrientationLandscapeLeft UIInterfaceOrientationLandscapeRight";
				LD_RUNPATH_SEARCH_PATHS = (
					"$(inherited)",
					"@executable_path/Frameworks",
				);
				MARKETING_VERSION = 1.0;
				PRODUCT_BUNDLE_IDENTIFIER = "mwahacookie.Bee-Tate-AI-Assistant";
				PRODUCT_NAME = "$(TARGET_NAME)";
				SWIFT_EMIT_LOC_STRINGS = YES;
				SWIFT_VERSION = 5.0;
				TARGETED_DEVICE_FAMILY = "1,2";
			};
			name = Debug;
		};
		9CB1D9392D8542C30073F425 /* Release */ = {
			isa = XCBuildConfiguration;
			baseConfigurationReference = 9CB1D9402D8542D40073F425 /* ExcludeCMakeLists.xcconfig */;
			buildSettings = {
				ASSETCATALOG_COMPILER_APPICON_NAME = AppIcon;
				ASSETCATALOG_COMPILER_GLOBAL_ACCENT_COLOR_NAME = AccentColor;
				CODE_SIGN_STYLE = Automatic;
				CURRENT_PROJECT_VERSION = 1;
				DEVELOPMENT_ASSET_PATHS = "\"Bee Tate AI Assistant/Preview Content\"";
				DEVELOPMENT_TEAM = 7QPP9NXGUQ;
				ENABLE_PREVIEWS = YES;
				GENERATE_INFOPLIST_FILE = YES;
				INFOPLIST_KEY_UIApplicationSceneManifest_Generation = YES;
				INFOPLIST_KEY_UIApplicationSupportsIndirectInputEvents = YES;
				INFOPLIST_KEY_UILaunchScreen_Generation = YES;
				INFOPLIST_KEY_UISupportedInterfaceOrientations_iPad = "UIInterfaceOrientationPortrait UIInterfaceOrientationPortraitUpsideDown UIInterfaceOrientationLandscapeLeft UIInterfaceOrientationLandscapeRight";
				INFOPLIST_KEY_UISupportedInterfaceOrientations_iPhone = "UIInterfaceOrientationPortrait UIInterfaceOrientationLandscapeLeft UIInterfaceOrientationLandscapeRight";
				LD_RUNPATH_SEARCH_PATHS = (
					"$(inherited)",
					"@executable_path/Frameworks",
				);
				MARKETING_VERSION = 1.0;
				PRODUCT_BUNDLE_IDENTIFIER = "mwahacookie.Bee-Tate-AI-Assistant";
				PRODUCT_NAME = "$(TARGET_NAME)";
				SWIFT_EMIT_LOC_STRINGS = YES;
				SWIFT_VERSION = 5.0;
				TARGETED_DEVICE_FAMILY = "1,2";
			};
			name = Release;
		};
		9CB1D93B2D8542C30073F425 /* Debug */ = {
			isa = XCBuildConfiguration;
			buildSettings = {
				BUNDLE_LOADER = "$(TEST_HOST)";
				CODE_SIGN_STYLE = Automatic;
				CURRENT_PROJECT_VERSION = 1;
				DEVELOPMENT_TEAM = 7QPP9NXGUQ;
				GENERATE_INFOPLIST_FILE = YES;
				IPHONEOS_DEPLOYMENT_TARGET = 18.2;
				MARKETING_VERSION = 1.0;
				PRODUCT_BUNDLE_IDENTIFIER = "mwahacookie.Bee-Tate-AI-AssistantTests";
				PRODUCT_NAME = "$(TARGET_NAME)";
				SWIFT_EMIT_LOC_STRINGS = NO;
				SWIFT_VERSION = 5.0;
				TARGETED_DEVICE_FAMILY = "1,2";
				TEST_HOST = "$(BUILT_PRODUCTS_DIR)/Bee Tate AI Assistant.app/$(BUNDLE_EXECUTABLE_FOLDER_PATH)/Bee Tate AI Assistant";
			};
			name = Debug;
		};
		9CB1D93C2D8542C30073F425 /* Release */ = {
			isa = XCBuildConfiguration;
			buildSettings = {
				BUNDLE_LOADER = "$(TEST_HOST)";
				CODE_SIGN_STYLE = Automatic;
				CURRENT_PROJECT_VERSION = 1;
				DEVELOPMENT_TEAM = 7QPP9NXGUQ;
				GENERATE_INFOPLIST_FILE = YES;
				IPHONEOS_DEPLOYMENT_TARGET = 18.2;
				MARKETING_VERSION = 1.0;
				PRODUCT_BUNDLE_IDENTIFIER = "mwahacookie.Bee-Tate-AI-AssistantTests";
				PRODUCT_NAME = "$(TARGET_NAME)";
				SWIFT_EMIT_LOC_STRINGS = NO;
				SWIFT_VERSION = 5.0;
				TARGETED_DEVICE_FAMILY = "1,2";
				TEST_HOST = "$(BUILT_PRODUCTS_DIR)/Bee Tate AI Assistant.app/$(BUNDLE_EXECUTABLE_FOLDER_PATH)/Bee Tate AI Assistant";
			};
			name = Release;
		};
		9CB1D93E2D8542C30073F425 /* Debug */ = {
			isa = XCBuildConfiguration;
			buildSettings = {
				CODE_SIGN_STYLE = Automatic;
				CURRENT_PROJECT_VERSION = 1;
				DEVELOPMENT_TEAM = 7QPP9NXGUQ;
				GENERATE_INFOPLIST_FILE = YES;
				MARKETING_VERSION = 1.0;
				PRODUCT_BUNDLE_IDENTIFIER = "mwahacookie.Bee-Tate-AI-AssistantUITests";
				PRODUCT_NAME = "$(TARGET_NAME)";
				SWIFT_EMIT_LOC_STRINGS = NO;
				SWIFT_VERSION = 5.0;
				TARGETED_DEVICE_FAMILY = "1,2";
				TEST_TARGET_NAME = "Bee Tate AI Assistant";
			};
			name = Debug;
		};
		9CB1D93F2D8542C30073F425 /* Release */ = {
			isa = XCBuildConfiguration;
			buildSettings = {
				CODE_SIGN_STYLE = Automatic;
				CURRENT_PROJECT_VERSION = 1;
				DEVELOPMENT_TEAM = 7QPP9NXGUQ;
				GENERATE_INFOPLIST_FILE = YES;
				MARKETING_VERSION = 1.0;
				PRODUCT_BUNDLE_IDENTIFIER = "mwahacookie.Bee-Tate-AI-AssistantUITests";
				PRODUCT_NAME = "$(TARGET_NAME)";
				SWIFT_EMIT_LOC_STRINGS = NO;
				SWIFT_VERSION = 5.0;
				TARGETED_DEVICE_FAMILY = "1,2";
				TEST_TARGET_NAME = "Bee Tate AI Assistant";
			};
			name = Release;
		};
/* End XCBuildConfiguration section */

/* Begin XCConfigurationList section */
		9CB1D90C2D8542C10073F425 /* Build configuration list for PBXProject "Bee Tate AI Assistant" */ = {
			isa = XCConfigurationList;
			buildConfigurations = (
				9CB1D9352D8542C30073F425 /* Debug */,
				9CB1D9362D8542C30073F425 /* Release */,
			);
			defaultConfigurationIsVisible = 0;
			defaultConfigurationName = Release;
		};
		9CB1D9372D8542C30073F425 /* Build configuration list for PBXNativeTarget "Bee Tate AI Assistant" */ = {
			isa = XCConfigurationList;
			buildConfigurations = (
				9CB1D9382D8542C30073F425 /* Debug */,
				9CB1D9392D8542C30073F425 /* Release */,
			);
			defaultConfigurationIsVisible = 0;
			defaultConfigurationName = Release;
		};
		9CB1D93A2D8542C30073F425 /* Build configuration list for PBXNativeTarget "Bee Tate AI AssistantTests" */ = {
			isa = XCConfigurationList;
			buildConfigurations = (
				9CB1D93B2D8542C30073F425 /* Debug */,
				9CB1D93C2D8542C30073F425 /* Release */,
			);
			defaultConfigurationIsVisible = 0;
			defaultConfigurationName = Release;
		};
		9CB1D93D2D8542C30073F425 /* Build configuration list for PBXNativeTarget "Bee Tate AI AssistantUITests" */ = {
			isa = XCConfigurationList;
			buildConfigurations = (
				9CB1D93E2D8542C30073F425 /* Debug */,
				9CB1D93F2D8542C30073F425 /* Release */,
			);
			defaultConfigurationIsVisible = 0;
			defaultConfigurationName = Release;
		};
/* End XCConfigurationList section */
	};
	rootObject = 9CB1D9092D8542C10073F425 /* Project object */;
}
